
Microsoft Visual Studio Solution File, Format Version 12.00
# Visual Studio Version 17
VisualStudioVersion = 17.8.34205.153
MinimumVisualStudioVersion = 10.0.40219.1
Project("{FAE04EC0-301F-11D3-BF4B-00C04F79EFBC}") = "TokenIssue", "TokenIssue\TokenIssue.csproj", "{2E2589F2-B536-4DE8-8F7C-61CCC77FFDB1}"
EndProject
Global
	GlobalSection(SolutionConfigurationPlatforms) = preSolution
		Debug|Any CPU = Debug|Any CPU
		Release|Any CPU = Release|Any CPU
	EndGlobalSection
	GlobalSection(ProjectConfigurationPlatforms) = postSolution
		{2E2589F2-B536-4DE8-8F7C-61CCC77FFDB1}.Debug|Any CPU.ActiveCfg = Debug|Any CPU
		{2E2589F2-B536-4DE8-8F7C-61CCC77FFDB1}.Debug|Any CPU.Build.0 = Debug|Any CPU
		{2E2589F2-B536-4DE8-8F7C-61CCC77FFDB1}.Release|Any CPU.ActiveCfg = Release|Any CPU
		{2E2589F2-B536-4DE8-8F7C-61CCC77FFDB1}.Release|Any CPU.Build.0 = Release|Any CPU
	EndGlobalSection
	GlobalSection(SolutionProperties) = preSolution
		HideSolutionNode = FALSE
	EndGlobalSection
	GlobalSection(ExtensibilityGlobals) = postSolution
		SolutionGuid = {8C02F512-49A4-4D92-859E-D5FA2A83CE6E}
	EndGlobalSection
EndGlobal
